
Microsoft Visual Studio Solution File, Format Version 12.00
# Visual Studio Version 16
VisualStudioVersion = 16.0.33423.256
MinimumVisualStudioVersion = 10.0.40219.1
Project("{FAE04EC0-301F-11D3-BF4B-00C04F79EFBC}") = "Lili4me", "Lili4me\Lili4me.csproj", "{53F1E10C-01A9-4D6A-9AC7-01E231C3BBA9}"
EndProject
Project("{FAE04EC0-301F-11D3-BF4B-00C04F79EFBC}") = "ETFReporting", "ETFReporting\ETFReporting.csproj", "{F99ACEA5-49CF-4C91-A165-3C848C64DDE2}"
EndProject
Global
	GlobalSection(SolutionConfigurationPlatforms) = preSolution
		Debug|Any CPU = Debug|Any CPU
		Release|Any CPU = Release|Any CPU
	EndGlobalSection
	GlobalSection(ProjectConfigurationPlatforms) = postSolution
		{53F1E10C-01A9-4D6A-9AC7-01E231C3BBA9}.Debug|Any CPU.ActiveCfg = Debug|Any CPU
		{53F1E10C-01A9-4D6A-9AC7-01E231C3BBA9}.Debug|Any CPU.Build.0 = Debug|Any CPU
		{53F1E10C-01A9-4D6A-9AC7-01E231C3BBA9}.Release|Any CPU.ActiveCfg = Release|Any CPU
		{53F1E10C-01A9-4D6A-9AC7-01E231C3BBA9}.Release|Any CPU.Build.0 = Release|Any CPU
		{F99ACEA5-49CF-4C91-A165-3C848C64DDE2}.Debug|Any CPU.ActiveCfg = Debug|Any CPU
		{F99ACEA5-49CF-4C91-A165-3C848C64DDE2}.Debug|Any CPU.Build.0 = Debug|Any CPU
		{F99ACEA5-49CF-4C91-A165-3C848C64DDE2}.Release|Any CPU.ActiveCfg = Release|Any CPU
		{F99ACEA5-49CF-4C91-A165-3C848C64DDE2}.Release|Any CPU.Build.0 = Release|Any CPU
	EndGlobalSection
	GlobalSection(SolutionProperties) = preSolution
		HideSolutionNode = FALSE
	EndGlobalSection
	GlobalSection(ExtensibilityGlobals) = postSolution
		SolutionGuid = {318DDF1E-2BB2-419D-B96E-A90CD65C22EF}
	EndGlobalSection
EndGlobal
